{
  "name": "pokemon-center",
  "version": "0.1.0",
  "lockfileVersion": 2,
  "requires": true,
  "packages": {
    "": {
      "name": "pokemon-center",
      "version": "0.1.0",
      "license": "ISC",
      "dependencies": {
        "@grpc/grpc-js": "^1.7.3",
        "@grpc/proto-loader": "^0.7.0",
        "node.extend": "^2.0.2"
      }
    },
    "node_modules/@grpc/grpc-js": {
      "version": "1.7.3",
      "resolved": "https://mirrors.cloud.tencent.com/npm/@grpc%2fgrpc-js/-/grpc-js-1.7.3.tgz",
      "integrity": "sha512-H9l79u4kJ2PVSxUNA08HMYAnUBLj9v6KjYQ7SQ71hOZcEXhShE/y5iQCesP8+6/Ik/7i2O0a10bPquIcYfufog==",
      "license": "Apache-2.0",
      "dependencies": {
        "@grpc/proto-loader": "^0.7.0",
        "@types/node": ">=12.12.47"
      },
      "engines": {
        "node": "^8.13.0 || >=10.10.0"
      }
    },
    "node_modules/@grpc/proto-loader": {
      "version": "0.7.3",
      "resolved": "https://mirrors.cloud.tencent.com/npm/@grpc%2fproto-loader/-/proto-loader-0.7.3.tgz",
      "integrity": "sha512-5dAvoZwna2Py3Ef96Ux9jIkp3iZ62TUsV00p3wVBPNX5K178UbNi8Q7gQVqwXT1Yq9RejIGG9G2IPEo93T6RcA==",
      "license": "Apache-2.0",
      "dependencies": {
        "@types/long": "^4.0.1",
        "lodash.camelcase": "^4.3.0",
        "long": "^4.0.0",
        "protobufjs": "^7.0.0",
        "yargs": "^16.2.0"
      },
      "bin": {
        "proto-loader-gen-types": "build/bin/proto-loader-gen-types.js"
      },
      "engines": {
        "node": ">=6"
      }
    },
    "node_modules/@protobufjs/aspromise": {
      "version": "1.1.2",
      "resolved": "https://mirrors.cloud.tencent.com/npm/@protobufjs%2faspromise/-/aspromise-1.1.2.tgz",
      "integrity": "sha1-m4sMxmPWaafY9vXQiToU00jzD78=",
      "license": "BSD-3-Clause"
    },
    "node_modules/@protobufjs/base64": {
      "version": "1.1.2",
      "resolved": "https://mirrors.cloud.tencent.com/npm/@protobufjs%2fbase64/-/base64-1.1.2.tgz",
      "integrity": "sha512-AZkcAA5vnN/v4PDqKyMR5lx7hZttPDgClv83E//FMNhR2TMcLUhfRUBHCmSl0oi9zMgDDqRUJkSxO3wm85+XLg==",
      "license": "BSD-3-Clause"
    },
    "node_modules/@protobufjs/codegen": {
      "version": "2.0.4",
      "resolved": "https://mirrors.cloud.tencent.com/npm/@protobufjs%2fcodegen/-/codegen-2.0.4.tgz",
      "integrity": "sha512-YyFaikqM5sH0ziFZCN3xDC7zeGaB/d0IUb9CATugHWbd1FRFwWwt4ld4OYMPWu5a3Xe01mGAULCdqhMlPl29Jg==",
      "license": "BSD-3-Clause"
    },
    "node_modules/@protobufjs/eventemitter": {
      "version": "1.1.0",
      "resolved": "https://mirrors.cloud.tencent.com/npm/@protobufjs%2feventemitter/-/eventemitter-1.1.0.tgz",
      "integrity": "sha1-NVy8mLr61ZePntCV85diHx0Ga3A=",
      "license": "BSD-3-Clause"
    },
    "node_modules/@protobufjs/fetch": {
      "version": "1.1.0",
      "resolved": "https://mirrors.cloud.tencent.com/npm/@protobufjs%2ffetch/-/fetch-1.1.0.tgz",
      "integrity": "sha1-upn7WYYUr2VwDBYZ/wbUVLDYTEU=",
      "license": "BSD-3-Clause",
      "dependencies": {
        "@protobufjs/aspromise": "^1.1.1",
        "@protobufjs/inquire": "^1.1.0"
      }
    },
    "node_modules/@protobufjs/float": {
      "version": "1.0.2",
      "resolved": "https://mirrors.cloud.tencent.com/npm/@protobufjs%2ffloat/-/float-1.0.2.tgz",
      "integrity": "sha1-Xp4avctz/Ap8uLKR33jIy9l7h9E=",
      "license": "BSD-3-Clause"
    },
    "node_modules/@protobufjs/inquire": {
      "version": "1.1.0",
      "resolved": "https://mirrors.cloud.tencent.com/npm/@protobufjs%2finquire/-/inquire-1.1.0.tgz",
      "integrity": "sha1-/yAOPnzyQp4tyvwRQIKOjMY48Ik=",
      "license": "BSD-3-Clause"
    },
    "node_modules/@protobufjs/path": {
      "version": "1.1.2",
      "resolved": "https://mirrors.cloud.tencent.com/npm/@protobufjs%2fpath/-/path-1.1.2.tgz",
      "integrity": "sha1-bMKyDFya1q0NzP0hynZz2Nf79o0=",
      "license": "BSD-3-Clause"
    },
    "node_modules/@protobufjs/pool": {
      "version": "1.1.0",
      "resolved": "https://mirrors.cloud.tencent.com/npm/@protobufjs%2fpool/-/pool-1.1.0.tgz",
      "integrity": "sha1-Cf0V8tbTq/qbZbw2ZQbWrXhG/1Q=",
      "license": "BSD-3-Clause"
    },
    "node_modules/@protobufjs/utf8": {
      "version": "1.1.0",
      "resolved": "https://mirrors.cloud.tencent.com/npm/@protobufjs%2futf8/-/utf8-1.1.0.tgz",
      "integrity": "sha1-p3c2C1s5oaLlEG+OhY8v0tBgxXA=",
      "license": "BSD-3-Clause"
    },
    "node_modules/@types/long": {
      "version": "4.0.2",
      "resolved": "https://mirrors.cloud.tencent.com/npm/@types%2flong/-/long-4.0.2.tgz",
      "integrity": "sha512-MqTGEo5bj5t157U6fA/BiDynNkn0YknVdh48CMPkTSpFTVmvao5UQmm7uEF6xBEo7qIMAlY/JSleYaE6VOdpaA==",
      "license": "MIT"
    },
    "node_modules/@types/node": {
      "version": "18.11.7",
      "resolved": "https://mirrors.cloud.tencent.com/npm/@types%2fnode/-/node-18.11.7.tgz",
      "integrity": "sha512-LhFTglglr63mNXUSRYD8A+ZAIu5sFqNJ4Y2fPuY7UlrySJH87rRRlhtVmMHplmfk5WkoJGmDjE9oiTfyX94CpQ==",
      "license": "MIT"
    },
    "node_modules/ansi-regex": {
      "version": "5.0.1",
      "resolved": "https://mirrors.cloud.tencent.com/npm/ansi-regex/-/ansi-regex-5.0.1.tgz",
      "integrity": "sha512-quJQXlTSUGL2LH9SUXo8VwsY4soanhgo6LNSm84E1LBcE8s3O0wpdiRzyR9z/ZZJMlMWv37qOOb9pdJlMUEKFQ==",
      "license": "MIT",
      "engines": {
        "node": ">=8"
      }
    },
    "node_modules/ansi-styles": {
      "version": "4.3.0",
      "resolved": "https://mirrors.cloud.tencent.com/npm/ansi-styles/-/ansi-styles-4.3.0.tgz",
      "integrity": "sha512-zbB9rCJAT1rbjiVDb2hqKFHNYLxgtk8NURxZ3IZwD3F6NtxbXZQCnnSi1Lkx+IDohdPlFp222wVALIheZJQSEg==",
      "license": "MIT",
      "dependencies": {
        "color-convert": "^2.0.1"
      },
      "engines": {
        "node": ">=8"
      },
      "funding": {
        "url": "https://github.com/chalk/ansi-styles?sponsor=1"
      }
    },
    "node_modules/cliui": {
      "version": "7.0.4",
      "resolved": "https://mirrors.cloud.tencent.com/npm/cliui/-/cliui-7.0.4.tgz",
      "integrity": "sha512-OcRE68cOsVMXp1Yvonl/fzkQOyjLSu/8bhPDfQt0e0/Eb283TKP20Fs2MqoPsr9SwA595rRCA+QMzYc9nBP+JQ==",
      "license": "ISC",
      "dependencies": {
        "string-width": "^4.2.0",
        "strip-ansi": "^6.0.0",
        "wrap-ansi": "^7.0.0"
      }
    },
    "node_modules/color-convert": {
      "version": "2.0.1",
      "resolved": "https://mirrors.cloud.tencent.com/npm/color-convert/-/color-convert-2.0.1.tgz",
      "integrity": "sha512-RRECPsj7iu/xb5oKYcsFHSppFNnsj/52OVTRKb4zP5onXwVF3zVmmToNcOfGC+CRDpfK/U584fMg38ZHCaElKQ==",
      "license": "MIT",
      "dependencies": {
        "color-name": "~1.1.4"
      },
      "engines": {
        "node": ">=7.0.0"
      }
    },
    "node_modules/color-name": {
      "version": "1.1.4",
      "resolved": "https://mirrors.cloud.tencent.com/npm/color-name/-/color-name-1.1.4.tgz",
      "integrity": "sha512-dOy+3AuW3a2wNbZHIuMZpTcgjGuLU/uBL/ubcZF9OXbDo8ff4O8yVp5Bf0efS8uEoYo5q4Fx7dY9OgQGXgAsQA==",
      "license": "MIT"
    },
    "node_modules/emoji-regex": {
      "version": "8.0.0",
      "resolved": "https://mirrors.cloud.tencent.com/npm/emoji-regex/-/emoji-regex-8.0.0.tgz",
      "integrity": "sha512-MSjYzcWNOA0ewAHpz0MxpYFvwg6yjy1NG3xteoqz644VCo/RPgnr1/GGt+ic3iJTzQ8Eu3TdM14SawnVUmGE6A==",
      "license": "MIT"
    },
    "node_modules/escalade": {
      "version": "3.1.1",
      "resolved": "https://mirrors.cloud.tencent.com/npm/escalade/-/escalade-3.1.1.tgz",
      "integrity": "sha512-k0er2gUkLf8O0zKJiAhmkTnJlTvINGv7ygDNPbeIsX/TJjGJZHuh9B2UxbsaEkmlEo9MfhrSzmhIlhRlI2GXnw==",
      "license": "MIT",
      "engines": {
        "node": ">=6"
      }
    },
    "node_modules/function-bind": {
      "version": "1.1.1",
      "resolved": "https://mirrors.cloud.tencent.com/npm/function-bind/-/function-bind-1.1.1.tgz",
      "integrity": "sha512-yIovAzMX49sF8Yl58fSCWJ5svSLuaibPxXQJFLmBObTuCr0Mf1KiPopGM9NiFjiYBCbfaa2Fh6breQ6ANVTI0A==",
      "license": "MIT"
    },
    "node_modules/get-caller-file": {
      "version": "2.0.5",
      "resolved": "https://mirrors.cloud.tencent.com/npm/get-caller-file/-/get-caller-file-2.0.5.tgz",
      "integrity": "sha512-DyFP3BM/3YHTQOCUL/w0OZHR0lpKeGrxotcHWcqNEdnltqFwXVfhEBQ94eIo34AfQpo0rGki4cyIiftY06h2Fg==",
      "license": "ISC",
      "engines": {
        "node": "6.* || 8.* || >= 10.*"
      }
    },
    "node_modules/has": {
      "version": "1.0.3",
      "resolved": "https://mirrors.cloud.tencent.com/npm/has/-/has-1.0.3.tgz",
      "integrity": "sha512-f2dvO0VU6Oej7RkWJGrehjbzMAjFp5/VKPp5tTpWIV4JHHZK1/BxbFRtf/siA2SWTe09caDmVtYYzWEIbBS4zw==",
      "license": "MIT",
      "dependencies": {
        "function-bind": "^1.1.1"
      },
      "engines": {
        "node": ">= 0.4.0"
      }
    },
    "node_modules/is": {
      "version": "3.3.0",
      "resolved": "https://mirrors.cloud.tencent.com/npm/is/-/is-3.3.0.tgz",
      "integrity": "sha512-nW24QBoPcFGGHJGUwnfpI7Yc5CdqWNdsyHQszVE/z2pKHXzh7FZ5GWhJqSyaQ9wMkQnsTx+kAI8bHlCX4tKdbg==",
      "license": "MIT",
      "engines": {
        "node": "*"
      }
    },
    "node_modules/is-fullwidth-code-point": {
      "version": "3.0.0",
      "resolved": "https://mirrors.cloud.tencent.com/npm/is-fullwidth-code-point/-/is-fullwidth-code-point-3.0.0.tgz",
      "integrity": "sha512-zymm5+u+sCsSWyD9qNaejV3DFvhCKclKdizYaJUuHA83RLjb7nSuGnddCHGv0hk+KY7BMAlsWeK4Ueg6EV6XQg==",
      "license": "MIT",
      "engines": {
        "node": ">=8"
      }
    },
    "node_modules/lodash.camelcase": {
      "version": "4.3.0",
      "resolved": "https://mirrors.cloud.tencent.com/npm/lodash.camelcase/-/lodash.camelcase-4.3.0.tgz",
      "integrity": "sha1-soqmKIorn8ZRA1x3EfZathkDMaY=",
      "license": "MIT"
    },
    "node_modules/long": {
      "version": "4.0.0",
      "resolved": "https://mirrors.cloud.tencent.com/npm/long/-/long-4.0.0.tgz",
      "integrity": "sha512-XsP+KhQif4bjX1kbuSiySJFNAehNxgLb6hPRGJ9QsUr8ajHkuXGdrHmFUTUUXhDwVX2R5bY4JNZEwbUiMhV+MA==",
      "license": "Apache-2.0"
    },
    "node_modules/node.extend": {
      "version": "2.0.2",
      "resolved": "https://mirrors.cloud.tencent.com/npm/node.extend/-/node.extend-2.0.2.tgz",
      "integrity": "sha512-pDT4Dchl94/+kkgdwyS2PauDFjZG0Hk0IcHIB+LkW27HLDtdoeMxHTxZh39DYbPP8UflWXWj9JcdDozF+YDOpQ==",
      "license": "(MIT OR GPL-2.0)",
      "dependencies": {
        "has": "^1.0.3",
        "is": "^3.2.1"
      },
      "engines": {
        "node": ">=0.4.0"
      }
    },
    "node_modules/protobufjs": {
      "version": "7.1.2",
      "resolved": "https://mirrors.cloud.tencent.com/npm/protobufjs/-/protobufjs-7.1.2.tgz",
      "integrity": "sha512-4ZPTPkXCdel3+L81yw3dG6+Kq3umdWKh7Dc7GW/CpNk4SX3hK58iPCWeCyhVTDrbkNeKrYNZ7EojM5WDaEWTLQ==",
      "hasInstallScript": true,
      "license": "BSD-3-Clause",
      "dependencies": {
        "@protobufjs/aspromise": "^1.1.2",
        "@protobufjs/base64": "^1.1.2",
        "@protobufjs/codegen": "^2.0.4",
        "@protobufjs/eventemitter": "^1.1.0",
        "@protobufjs/fetch": "^1.1.0",
        "@protobufjs/float": "^1.0.2",
        "@protobufjs/inquire": "^1.1.0",
        "@protobufjs/path": "^1.1.2",
        "@protobufjs/pool": "^1.1.0",
        "@protobufjs/utf8": "^1.1.0",
        "@types/node": ">=13.7.0",
        "long": "^5.0.0"
      },
      "engines": {
        "node": ">=12.0.0"
      }
    },
    "node_modules/protobufjs/node_modules/long": {
      "version": "5.2.0",
      "resolved": "https://mirrors.cloud.tencent.com/npm/long/-/long-5.2.0.tgz",
      "integrity": "sha512-9RTUNjK60eJbx3uz+TEGF7fUr29ZDxR5QzXcyDpeSfeH28S9ycINflOgOlppit5U+4kNTe83KQnMEerw7GmE8w==",
      "license": "Apache-2.0"
    },
    "node_modules/require-directory": {
      "version": "2.1.1",
      "resolved": "https://mirrors.cloud.tencent.com/npm/require-directory/-/require-directory-2.1.1.tgz",
      "integrity": "sha1-jGStX9MNqxyXbiNE/+f3kqam30I=",
      "license": "MIT",
      "engines": {
        "node": ">=0.10.0"
      }
    },
    "node_modules/string-width": {
      "version": "4.2.3",
      "resolved": "https://mirrors.cloud.tencent.com/npm/string-width/-/string-width-4.2.3.tgz",
      "integrity": "sha512-wKyQRQpjJ0sIp62ErSZdGsjMJWsap5oRNihHhu6G7JVO/9jIB6UyevL+tXuOqrng8j/cxKTWyWUwvSTriiZz/g==",
      "license": "MIT",
      "dependencies": {
        "emoji-regex": "^8.0.0",
        "is-fullwidth-code-point": "^3.0.0",
        "strip-ansi": "^6.0.1"
      },
      "engines": {
        "node": ">=8"
      }
    },
    "node_modules/strip-ansi": {
      "version": "6.0.1",
      "resolved": "https://mirrors.cloud.tencent.com/npm/strip-ansi/-/strip-ansi-6.0.1.tgz",
      "integrity": "sha512-Y38VPSHcqkFrCpFnQ9vuSXmquuv5oXOKpGeT6aGrr3o3Gc9AlVa6JBfUSOCnbxGGZF+/0ooI7KrPuUSztUdU5A==",
      "license": "MIT",
      "dependencies": {
        "ansi-regex": "^5.0.1"
      },
      "engines": {
        "node": ">=8"
      }
    },
    "node_modules/wrap-ansi": {
      "version": "7.0.0",
      "resolved": "https://mirrors.cloud.tencent.com/npm/wrap-ansi/-/wrap-ansi-7.0.0.tgz",
      "integrity": "sha512-YVGIj2kamLSTxw6NsZjoBxfSwsn0ycdesmc4p+Q21c5zPuZ1pl+NfxVdxPtdHvmNVOQ6XSYG4AUtyt/Fi7D16Q==",
      "license": "MIT",
      "dependencies": {
        "ansi-styles": "^4.0.0",
        "string-width": "^4.1.0",
        "strip-ansi": "^6.0.0"
      },
      "engines": {
        "node": ">=10"
      },
      "funding": {
        "url": "https://github.com/chalk/wrap-ansi?sponsor=1"
      }
    },
    "node_modules/y18n": {
      "version": "5.0.8",
      "resolved": "https://mirrors.cloud.tencent.com/npm/y18n/-/y18n-5.0.8.tgz",
      "integrity": "sha512-0pfFzegeDWJHJIAmTLRP2DwHjdF5s7jo9tuztdQxAhINCdvS+3nGINqPd00AphqJR/0LhANUS6/+7SCb98YOfA==",
      "license": "ISC",
      "engines": {
        "node": ">=10"
      }
    },
    "node_modules/yargs": {
      "version": "16.2.0",
      "resolved": "https://mirrors.cloud.tencent.com/npm/yargs/-/yargs-16.2.0.tgz",
      "integrity": "sha512-D1mvvtDG0L5ft/jGWkLpG1+m0eQxOfaBvTNELraWj22wSVUMWxZUvYgJYcKh6jGGIkJFhH4IZPQhR4TKpc8mBw==",
      "license": "MIT",
      "dependencies": {
        "cliui": "^7.0.2",
        "escalade": "^3.1.1",
        "get-caller-file": "^2.0.5",
        "require-directory": "^2.1.1",
        "string-width": "^4.2.0",
        "y18n": "^5.0.5",
        "yargs-parser": "^20.2.2"
      },
      "engines": {
        "node": ">=10"
      }
    },
    "node_modules/yargs-parser": {
      "version": "20.2.9",
      "resolved": "https://mirrors.cloud.tencent.com/npm/yargs-parser/-/yargs-parser-20.2.9.tgz",
      "integrity": "sha512-y11nGElTIV+CT3Zv9t7VKl+Q3hTQoT9a1Qzezhhl6Rp21gJ/IVTW7Z3y9EWXhuUBC2Shnf+DX0antecpAwSP8w==",
      "license": "ISC",
      "engines": {
        "node": ">=10"
      }
    }
  },
  "dependencies": {
    "@grpc/grpc-js": {
      "version": "1.7.3",
      "resolved": "https://mirrors.cloud.tencent.com/npm/@grpc%2fgrpc-js/-/grpc-js-1.7.3.tgz",
      "integrity": "sha512-H9l79u4kJ2PVSxUNA08HMYAnUBLj9v6KjYQ7SQ71hOZcEXhShE/y5iQCesP8+6/Ik/7i2O0a10bPquIcYfufog==",
      "requires": {
        "@grpc/proto-loader": "^0.7.0",
        "@types/node": ">=12.12.47"
      }
    },
    "@grpc/proto-loader": {
      "version": "0.7.3",
      "resolved": "https://mirrors.cloud.tencent.com/npm/@grpc%2fproto-loader/-/proto-loader-0.7.3.tgz",
      "integrity": "sha512-5dAvoZwna2Py3Ef96Ux9jIkp3iZ62TUsV00p3wVBPNX5K178UbNi8Q7gQVqwXT1Yq9RejIGG9G2IPEo93T6RcA==",
      "requires": {
        "@types/long": "^4.0.1",
        "lodash.camelcase": "^4.3.0",
        "long": "^4.0.0",
        "protobufjs": "^7.0.0",
        "yargs": "^16.2.0"
      }
    },
    "@protobufjs/aspromise": {
      "version": "1.1.2",
      "resolved": "https://mirrors.cloud.tencent.com/npm/@protobufjs%2faspromise/-/aspromise-1.1.2.tgz",
      "integrity": "sha1-m4sMxmPWaafY9vXQiToU00jzD78="
    },
    "@protobufjs/base64": {
      "version": "1.1.2",
      "resolved": "https://mirrors.cloud.tencent.com/npm/@protobufjs%2fbase64/-/base64-1.1.2.tgz",
      "integrity": "sha512-AZkcAA5vnN/v4PDqKyMR5lx7hZttPDgClv83E//FMNhR2TMcLUhfRUBHCmSl0oi9zMgDDqRUJkSxO3wm85+XLg=="
    },
    "@protobufjs/codegen": {
      "version": "2.0.4",
      "resolved": "https://mirrors.cloud.tencent.com/npm/@protobufjs%2fcodegen/-/codegen-2.0.4.tgz",
      "integrity": "sha512-YyFaikqM5sH0ziFZCN3xDC7zeGaB/d0IUb9CATugHWbd1FRFwWwt4ld4OYMPWu5a3Xe01mGAULCdqhMlPl29Jg=="
    },
    "@protobufjs/eventemitter": {
      "version": "1.1.0",
      "resolved": "https://mirrors.cloud.tencent.com/npm/@protobufjs%2feventemitter/-/eventemitter-1.1.0.tgz",
      "integrity": "sha1-NVy8mLr61ZePntCV85diHx0Ga3A="
    },
    "@protobufjs/fetch": {
      "version": "1.1.0",
      "resolved": "https://mirrors.cloud.tencent.com/npm/@protobufjs%2ffetch/-/fetch-1.1.0.tgz",
      "integrity": "sha1-upn7WYYUr2VwDBYZ/wbUVLDYTEU=",
      "requires": {
        "@protobufjs/aspromise": "^1.1.1",
        "@protobufjs/inquire": "^1.1.0"
      }
    },
    "@protobufjs/float": {
      "version": "1.0.2",
      "resolved": "https://mirrors.cloud.tencent.com/npm/@protobufjs%2ffloat/-/float-1.0.2.tgz",
      "integrity": "sha1-Xp4avctz/Ap8uLKR33jIy9l7h9E="
    },
    "@protobufjs/inquire": {
      "version": "1.1.0",
      "resolved": "https://mirrors.cloud.tencent.com/npm/@protobufjs%2finquire/-/inquire-1.1.0.tgz",
      "integrity": "sha1-/yAOPnzyQp4tyvwRQIKOjMY48Ik="
    },
    "@protobufjs/path": {
      "version": "1.1.2",
      "resolved": "https://mirrors.cloud.tencent.com/npm/@protobufjs%2fpath/-/path-1.1.2.tgz",
      "integrity": "sha1-bMKyDFya1q0NzP0hynZz2Nf79o0="
    },
    "@protobufjs/pool": {
      "version": "1.1.0",
      "resolved": "https://mirrors.cloud.tencent.com/npm/@protobufjs%2fpool/-/pool-1.1.0.tgz",
      "integrity": "sha1-Cf0V8tbTq/qbZbw2ZQbWrXhG/1Q="
    },
    "@protobufjs/utf8": {
      "version": "1.1.0",
      "resolved": "https://mirrors.cloud.tencent.com/npm/@protobufjs%2futf8/-/utf8-1.1.0.tgz",
      "integrity": "sha1-p3c2C1s5oaLlEG+OhY8v0tBgxXA="
    },
    "@types/long": {
      "version": "4.0.2",
      "resolved": "https://mirrors.cloud.tencent.com/npm/@types%2flong/-/long-4.0.2.tgz",
      "integrity": "sha512-MqTGEo5bj5t157U6fA/BiDynNkn0YknVdh48CMPkTSpFTVmvao5UQmm7uEF6xBEo7qIMAlY/JSleYaE6VOdpaA=="
    },
    "@types/node": {
      "version": "18.11.7",
      "resolved": "https://mirrors.cloud.tencent.com/npm/@types%2fnode/-/node-18.11.7.tgz",
      "integrity": "sha512-LhFTglglr63mNXUSRYD8A+ZAIu5sFqNJ4Y2fPuY7UlrySJH87rRRlhtVmMHplmfk5WkoJGmDjE9oiTfyX94CpQ=="
    },
    "ansi-regex": {
      "version": "5.0.1",
      "resolved": "https://mirrors.cloud.tencent.com/npm/ansi-regex/-/ansi-regex-5.0.1.tgz",
      "integrity": "sha512-quJQXlTSUGL2LH9SUXo8VwsY4soanhgo6LNSm84E1LBcE8s3O0wpdiRzyR9z/ZZJMlMWv37qOOb9pdJlMUEKFQ=="
    },
    "ansi-styles": {
      "version": "4.3.0",
      "resolved": "https://mirrors.cloud.tencent.com/npm/ansi-styles/-/ansi-styles-4.3.0.tgz",
      "integrity": "sha512-zbB9rCJAT1rbjiVDb2hqKFHNYLxgtk8NURxZ3IZwD3F6NtxbXZQCnnSi1Lkx+IDohdPlFp222wVALIheZJQSEg==",
      "requires": {
        "color-convert": "^2.0.1"
      }
    },
    "cliui": {
      "version": "7.0.4",
      "resolved": "https://mirrors.cloud.tencent.com/npm/cliui/-/cliui-7.0.4.tgz",
      "integrity": "sha512-OcRE68cOsVMXp1Yvonl/fzkQOyjLSu/8bhPDfQt0e0/Eb283TKP20Fs2MqoPsr9SwA595rRCA+QMzYc9nBP+JQ==",
      "requires": {
        "string-width": "^4.2.0",
        "strip-ansi": "^6.0.0",
        "wrap-ansi": "^7.0.0"
      }
    },
    "color-convert": {
      "version": "2.0.1",
      "resolved": "https://mirrors.cloud.tencent.com/npm/color-convert/-/color-convert-2.0.1.tgz",
      "integrity": "sha512-RRECPsj7iu/xb5oKYcsFHSppFNnsj/52OVTRKb4zP5onXwVF3zVmmToNcOfGC+CRDpfK/U584fMg38ZHCaElKQ==",
      "requires": {
        "color-name": "~1.1.4"
      }
    },
    "color-name": {
      "version": "1.1.4",
      "resolved": "https://mirrors.cloud.tencent.com/npm/color-name/-/color-name-1.1.4.tgz",
      "integrity": "sha512-dOy+3AuW3a2wNbZHIuMZpTcgjGuLU/uBL/ubcZF9OXbDo8ff4O8yVp5Bf0efS8uEoYo5q4Fx7dY9OgQGXgAsQA=="
    },
    "emoji-regex": {
      "version": "8.0.0",
      "resolved": "https://mirrors.cloud.tencent.com/npm/emoji-regex/-/emoji-regex-8.0.0.tgz",
      "integrity": "sha512-MSjYzcWNOA0ewAHpz0MxpYFvwg6yjy1NG3xteoqz644VCo/RPgnr1/GGt+ic3iJTzQ8Eu3TdM14SawnVUmGE6A=="
    },
    "escalade": {
      "version": "3.1.1",
      "resolved": "https://mirrors.cloud.tencent.com/npm/escalade/-/escalade-3.1.1.tgz",
      "integrity": "sha512-k0er2gUkLf8O0zKJiAhmkTnJlTvINGv7ygDNPbeIsX/TJjGJZHuh9B2UxbsaEkmlEo9MfhrSzmhIlhRlI2GXnw=="
    },
    "function-bind": {
      "version": "1.1.1",
      "resolved": "https://mirrors.cloud.tencent.com/npm/function-bind/-/function-bind-1.1.1.tgz",
      "integrity": "sha512-yIovAzMX49sF8Yl58fSCWJ5svSLuaibPxXQJFLmBObTuCr0Mf1KiPopGM9NiFjiYBCbfaa2Fh6breQ6ANVTI0A=="
    },
    "get-caller-file": {
      "version": "2.0.5",
      "resolved": "https://mirrors.cloud.tencent.com/npm/get-caller-file/-/get-caller-file-2.0.5.tgz",
      "integrity": "sha512-DyFP3BM/3YHTQOCUL/w0OZHR0lpKeGrxotcHWcqNEdnltqFwXVfhEBQ94eIo34AfQpo0rGki4cyIiftY06h2Fg=="
    },
    "has": {
      "version": "1.0.3",
      "resolved": "https://mirrors.cloud.tencent.com/npm/has/-/has-1.0.3.tgz",
      "integrity": "sha512-f2dvO0VU6Oej7RkWJGrehjbzMAjFp5/VKPp5tTpWIV4JHHZK1/BxbFRtf/siA2SWTe09caDmVtYYzWEIbBS4zw==",
      "requires": {
        "function-bind": "^1.1.1"
      }
    },
    "is": {
      "version": "3.3.0",
      "resolved": "https://mirrors.cloud.tencent.com/npm/is/-/is-3.3.0.tgz",
      "integrity": "sha512-nW24QBoPcFGGHJGUwnfpI7Yc5CdqWNdsyHQszVE/z2pKHXzh7FZ5GWhJqSyaQ9wMkQnsTx+kAI8bHlCX4tKdbg=="
    },
    "is-fullwidth-code-point": {
      "version": "3.0.0",
      "resolved": "https://mirrors.cloud.tencent.com/npm/is-fullwidth-code-point/-/is-fullwidth-code-point-3.0.0.tgz",
      "integrity": "sha512-zymm5+u+sCsSWyD9qNaejV3DFvhCKclKdizYaJUuHA83RLjb7nSuGnddCHGv0hk+KY7BMAlsWeK4Ueg6EV6XQg=="
    },
    "lodash.camelcase": {
      "version": "4.3.0",
      "resolved": "https://mirrors.cloud.tencent.com/npm/lodash.camelcase/-/lodash.camelcase-4.3.0.tgz",
      "integrity": "sha1-soqmKIorn8ZRA1x3EfZathkDMaY="
    },
    "long": {
      "version": "4.0.0",
      "resolved": "https://mirrors.cloud.tencent.com/npm/long/-/long-4.0.0.tgz",
      "integrity": "sha512-XsP+KhQif4bjX1kbuSiySJFNAehNxgLb6hPRGJ9QsUr8ajHkuXGdrHmFUTUUXhDwVX2R5bY4JNZEwbUiMhV+MA=="
    },
    "node.extend": {
      "version": "2.0.2",
      "resolved": "https://mirrors.cloud.tencent.com/npm/node.extend/-/node.extend-2.0.2.tgz",
      "integrity": "sha512-pDT4Dchl94/+kkgdwyS2PauDFjZG0Hk0IcHIB+LkW27HLDtdoeMxHTxZh39DYbPP8UflWXWj9JcdDozF+YDOpQ==",
      "requires": {
        "has": "^1.0.3",
        "is": "^3.2.1"
      }
    },
    "protobufjs": {
      "version": "7.1.2",
      "resolved": "https://mirrors.cloud.tencent.com/npm/protobufjs/-/protobufjs-7.1.2.tgz",
      "integrity": "sha512-4ZPTPkXCdel3+L81yw3dG6+Kq3umdWKh7Dc7GW/CpNk4SX3hK58iPCWeCyhVTDrbkNeKrYNZ7EojM5WDaEWTLQ==",
      "requires": {
        "@protobufjs/aspromise": "^1.1.2",
        "@protobufjs/base64": "^1.1.2",
        "@protobufjs/codegen": "^2.0.4",
        "@protobufjs/eventemitter": "^1.1.0",
        "@protobufjs/fetch": "^1.1.0",
        "@protobufjs/float": "^1.0.2",
        "@protobufjs/inquire": "^1.1.0",
        "@protobufjs/path": "^1.1.2",
        "@protobufjs/pool": "^1.1.0",
        "@protobufjs/utf8": "^1.1.0",
        "@types/node": ">=13.7.0",
        "long": "^5.0.0"
      },
      "dependencies": {
        "long": {
          "version": "5.2.0",
          "resolved": "https://mirrors.cloud.tencent.com/npm/long/-/long-5.2.0.tgz",
          "integrity": "sha512-9RTUNjK60eJbx3uz+TEGF7fUr29ZDxR5QzXcyDpeSfeH28S9ycINflOgOlppit5U+4kNTe83KQnMEerw7GmE8w=="
        }
      }
    },
    "require-directory": {
      "version": "2.1.1",
      "resolved": "https://mirrors.cloud.tencent.com/npm/require-directory/-/require-directory-2.1.1.tgz",
      "integrity": "sha1-jGStX9MNqxyXbiNE/+f3kqam30I="
    },
    "string-width": {
      "version": "4.2.3",
      "resolved": "https://mirrors.cloud.tencent.com/npm/string-width/-/string-width-4.2.3.tgz",
      "integrity": "sha512-wKyQRQpjJ0sIp62ErSZdGsjMJWsap5oRNihHhu6G7JVO/9jIB6UyevL+tXuOqrng8j/cxKTWyWUwvSTriiZz/g==",
      "requires": {
        "emoji-regex": "^8.0.0",
        "is-fullwidth-code-point": "^3.0.0",
        "strip-ansi": "^6.0.1"
      }
    },
    "strip-ansi": {
      "version": "6.0.1",
      "resolved": "https://mirrors.cloud.tencent.com/npm/strip-ansi/-/strip-ansi-6.0.1.tgz",
      "integrity": "sha512-Y38VPSHcqkFrCpFnQ9vuSXmquuv5oXOKpGeT6aGrr3o3Gc9AlVa6JBfUSOCnbxGGZF+/0ooI7KrPuUSztUdU5A==",
      "requires": {
        "ansi-regex": "^5.0.1"
      }
    },
    "wrap-ansi": {
      "version": "7.0.0",
      "resolved": "https://mirrors.cloud.tencent.com/npm/wrap-ansi/-/wrap-ansi-7.0.0.tgz",
      "integrity": "sha512-YVGIj2kamLSTxw6NsZjoBxfSwsn0ycdesmc4p+Q21c5zPuZ1pl+NfxVdxPtdHvmNVOQ6XSYG4AUtyt/Fi7D16Q==",
      "requires": {
        "ansi-styles": "^4.0.0",
        "string-width": "^4.1.0",
        "strip-ansi": "^6.0.0"
      }
    },
    "y18n": {
      "version": "5.0.8",
      "resolved": "https://mirrors.cloud.tencent.com/npm/y18n/-/y18n-5.0.8.tgz",
      "integrity": "sha512-0pfFzegeDWJHJIAmTLRP2DwHjdF5s7jo9tuztdQxAhINCdvS+3nGINqPd00AphqJR/0LhANUS6/+7SCb98YOfA=="
    },
    "yargs": {
      "version": "16.2.0",
      "resolved": "https://mirrors.cloud.tencent.com/npm/yargs/-/yargs-16.2.0.tgz",
      "integrity": "sha512-D1mvvtDG0L5ft/jGWkLpG1+m0eQxOfaBvTNELraWj22wSVUMWxZUvYgJYcKh6jGGIkJFhH4IZPQhR4TKpc8mBw==",
      "requires": {
        "cliui": "^7.0.2",
        "escalade": "^3.1.1",
        "get-caller-file": "^2.0.5",
        "require-directory": "^2.1.1",
        "string-width": "^4.2.0",
        "y18n": "^5.0.5",
        "yargs-parser": "^20.2.2"
      }
    },
    "yargs-parser": {
      "version": "20.2.9",
      "resolved": "https://mirrors.cloud.tencent.com/npm/yargs-parser/-/yargs-parser-20.2.9.tgz",
      "integrity": "sha512-y11nGElTIV+CT3Zv9t7VKl+Q3hTQoT9a1Qzezhhl6Rp21gJ/IVTW7Z3y9EWXhuUBC2Shnf+DX0antecpAwSP8w=="
    }
  }
}
